
Microsoft Visual Studio Solution File, Format Version 12.00
# Visual Studio 15
VisualStudioVersion = 15.0.28307.489
MinimumVisualStudioVersion = 10.0.40219.1
Project("{FAE04EC0-301F-11D3-BF4B-00C04F79EFBC}") = "TicTacToe_1", "TicTacToe_1\TicTacToe_1.csproj", "{16F6447F-B450-4045-A956-4AC4AC65DB10}"
EndProject
Global
	GlobalSection(SolutionConfigurationPlatforms) = preSolution
		Debug|Any CPU = Debug|Any CPU
		Release|Any CPU = Release|Any CPU
	EndGlobalSection
	GlobalSection(ProjectConfigurationPlatforms) = postSolution
		{16F6447F-B450-4045-A956-4AC4AC65DB10}.Debug|Any CPU.ActiveCfg = Debug|Any CPU
		{16F6447F-B450-4045-A956-4AC4AC65DB10}.Debug|Any CPU.Build.0 = Debug|Any CPU
		{16F6447F-B450-4045-A956-4AC4AC65DB10}.Release|Any CPU.ActiveCfg = Release|Any CPU
		{16F6447F-B450-4045-A956-4AC4AC65DB10}.Release|Any CPU.Build.0 = Release|Any CPU
	EndGlobalSection
	GlobalSection(SolutionProperties) = preSolution
		HideSolutionNode = FALSE
	EndGlobalSection
	GlobalSection(ExtensibilityGlobals) = postSolution
		SolutionGuid = {02274DAA-BCBF-4B7E-897A-35BAA96CA777}
	EndGlobalSection
EndGlobal
